
Microsoft Visual Studio Solution File, Format Version 12.00
# Visual Studio Version 18
VisualStudioVersion = 18.0.11222.15
MinimumVisualStudioVersion = 10.0.40219.1
Project("{FAE04EC0-301F-11D3-BF4B-00C04F79EFBC}") = "MongoTestTools", "MongoTestTools.csproj", "{51A7DA7A-3656-92C4-4261-82881C60CF7A}"
EndProject
Global
	GlobalSection(SolutionConfigurationPlatforms) = preSolution
		Debug|Any CPU = Debug|Any CPU
		Release|Any CPU = Release|Any CPU
	EndGlobalSection
	GlobalSection(ProjectConfigurationPlatforms) = postSolution
		{51A7DA7A-3656-92C4-4261-82881C60CF7A}.Debug|Any CPU.ActiveCfg = Debug|Any CPU
		{51A7DA7A-3656-92C4-4261-82881C60CF7A}.Debug|Any CPU.Build.0 = Debug|Any CPU
		{51A7DA7A-3656-92C4-4261-82881C60CF7A}.Release|Any CPU.ActiveCfg = Release|Any CPU
		{51A7DA7A-3656-92C4-4261-82881C60CF7A}.Release|Any CPU.Build.0 = Release|Any CPU
	EndGlobalSection
	GlobalSection(SolutionProperties) = preSolution
		HideSolutionNode = FALSE
	EndGlobalSection
	GlobalSection(ExtensibilityGlobals) = postSolution
		SolutionGuid = {9C040CB9-B643-420B-8EAA-223C9177EB75}
	EndGlobalSection
EndGlobal
